
Microsoft Visual Studio Solution File, Format Version 12.00
# Visual Studio Version 17
VisualStudioVersion = 17.13.35931.197 d17.13
MinimumVisualStudioVersion = 10.0.40219.1
Project("{2150E333-8FDC-42A3-9474-1A3956D46DE8}") = "src", "src", "{02EA681E-C7D8-13C7-8484-4AC65E1B71E8}"
EndProject
Project("{FAE04EC0-301F-11D3-BF4B-00C04F79EFBC}") = "Playground.API", "Playground.API\Playground.API.csproj", "{0B4F8F92-18D5-4FE4-94AF-E18B09E4ECBD}"
EndProject
Global
	GlobalSection(SolutionConfigurationPlatforms) = preSolution
		Debug|Any CPU = Debug|Any CPU
		Release|Any CPU = Release|Any CPU
	EndGlobalSection
	GlobalSection(ProjectConfigurationPlatforms) = postSolution
		{0B4F8F92-18D5-4FE4-94AF-E18B09E4ECBD}.Debug|Any CPU.ActiveCfg = Debug|Any CPU
		{0B4F8F92-18D5-4FE4-94AF-E18B09E4ECBD}.Debug|Any CPU.Build.0 = Debug|Any CPU
		{0B4F8F92-18D5-4FE4-94AF-E18B09E4ECBD}.Release|Any CPU.ActiveCfg = Release|Any CPU
		{0B4F8F92-18D5-4FE4-94AF-E18B09E4ECBD}.Release|Any CPU.Build.0 = Release|Any CPU
	EndGlobalSection
	GlobalSection(SolutionProperties) = preSolution
		HideSolutionNode = FALSE
	EndGlobalSection
	GlobalSection(NestedProjects) = preSolution
		{0B4F8F92-18D5-4FE4-94AF-E18B09E4ECBD} = {02EA681E-C7D8-13C7-8484-4AC65E1B71E8}
	EndGlobalSection
	GlobalSection(ExtensibilityGlobals) = postSolution
		SolutionGuid = {8A636B75-F937-4436-9448-7FC8795AC118}
	EndGlobalSection
EndGlobal
